
Microsoft Visual Studio Solution File, Format Version 12.00
# Visual Studio Version 17
VisualStudioVersion = 17.12.35506.116
MinimumVisualStudioVersion = 10.0.40219.1
Project("{8BC9CEB8-8B4A-11D0-8D11-00A0C91BC942}") = "ProcessesAndThreads", "ProcessesAndThreads\ProcessesAndThreads.vcxproj", "{1618B6FE-FCA5-4A9E-AF51-C947F78E8F3A}"
EndProject
Project("{FAE04EC0-301F-11D3-BF4B-00C04F79EFBC}") = "ProcessesAndThreadsCs", "ProcessesAndThreadsCs\ProcessesAndThreadsCs.csproj", "{AA34F0A1-134B-44B2-A543-C85DBD704C78}"
EndProject
Global
	GlobalSection(SolutionConfigurationPlatforms) = preSolution
		Debug|Any CPU = Debug|Any CPU
		Debug|x64 = Debug|x64
		Debug|x86 = Debug|x86
		Release|Any CPU = Release|Any CPU
		Release|x64 = Release|x64
		Release|x86 = Release|x86
	EndGlobalSection
	GlobalSection(ProjectConfigurationPlatforms) = postSolution
		{1618B6FE-FCA5-4A9E-AF51-C947F78E8F3A}.Debug|Any CPU.ActiveCfg = Debug|x64
		{1618B6FE-FCA5-4A9E-AF51-C947F78E8F3A}.Debug|Any CPU.Build.0 = Debug|x64
		{1618B6FE-FCA5-4A9E-AF51-C947F78E8F3A}.Debug|x64.ActiveCfg = Debug|x64
		{1618B6FE-FCA5-4A9E-AF51-C947F78E8F3A}.Debug|x64.Build.0 = Debug|x64
		{1618B6FE-FCA5-4A9E-AF51-C947F78E8F3A}.Debug|x86.ActiveCfg = Debug|Win32
		{1618B6FE-FCA5-4A9E-AF51-C947F78E8F3A}.Debug|x86.Build.0 = Debug|Win32
		{1618B6FE-FCA5-4A9E-AF51-C947F78E8F3A}.Release|Any CPU.ActiveCfg = Release|x64
		{1618B6FE-FCA5-4A9E-AF51-C947F78E8F3A}.Release|Any CPU.Build.0 = Release|x64
		{1618B6FE-FCA5-4A9E-AF51-C947F78E8F3A}.Release|x64.ActiveCfg = Release|x64
		{1618B6FE-FCA5-4A9E-AF51-C947F78E8F3A}.Release|x64.Build.0 = Release|x64
		{1618B6FE-FCA5-4A9E-AF51-C947F78E8F3A}.Release|x86.ActiveCfg = Release|Win32
		{1618B6FE-FCA5-4A9E-AF51-C947F78E8F3A}.Release|x86.Build.0 = Release|Win32
		{AA34F0A1-134B-44B2-A543-C85DBD704C78}.Debug|Any CPU.ActiveCfg = Debug|Any CPU
		{AA34F0A1-134B-44B2-A543-C85DBD704C78}.Debug|Any CPU.Build.0 = Debug|Any CPU
		{AA34F0A1-134B-44B2-A543-C85DBD704C78}.Debug|x64.ActiveCfg = Debug|Any CPU
		{AA34F0A1-134B-44B2-A543-C85DBD704C78}.Debug|x64.Build.0 = Debug|Any CPU
		{AA34F0A1-134B-44B2-A543-C85DBD704C78}.Debug|x86.ActiveCfg = Debug|Any CPU
		{AA34F0A1-134B-44B2-A543-C85DBD704C78}.Debug|x86.Build.0 = Debug|Any CPU
		{AA34F0A1-134B-44B2-A543-C85DBD704C78}.Release|Any CPU.ActiveCfg = Release|Any CPU
		{AA34F0A1-134B-44B2-A543-C85DBD704C78}.Release|Any CPU.Build.0 = Release|Any CPU
		{AA34F0A1-134B-44B2-A543-C85DBD704C78}.Release|x64.ActiveCfg = Release|Any CPU
		{AA34F0A1-134B-44B2-A543-C85DBD704C78}.Release|x64.Build.0 = Release|Any CPU
		{AA34F0A1-134B-44B2-A543-C85DBD704C78}.Release|x86.ActiveCfg = Release|Any CPU
		{AA34F0A1-134B-44B2-A543-C85DBD704C78}.Release|x86.Build.0 = Release|Any CPU
	EndGlobalSection
	GlobalSection(SolutionProperties) = preSolution
		HideSolutionNode = FALSE
	EndGlobalSection
EndGlobal
